
Microsoft Visual Studio Solution File, Format Version 12.00
Project("{FAE04EC0-301F-11D3-BF4B-00C04F79EFBC}") = "CsIntermediate", "CsIntermediate\CsIntermediate.csproj", "{A204C590-8C9C-417B-B204-2313A4687BC7}"
EndProject
Project("{FAE04EC0-301F-11D3-BF4B-00C04F79EFBC}") = "CsIntermediate.UnitTests", "CsIntermediate.UnitTests\CsIntermediate.UnitTests.csproj", "{235F95BE-2AC9-4843-B9B6-703AAB741B2D}"
EndProject
Global
	GlobalSection(SolutionConfigurationPlatforms) = preSolution
		Debug|Any CPU = Debug|Any CPU
		Release|Any CPU = Release|Any CPU
	EndGlobalSection
	GlobalSection(ProjectConfigurationPlatforms) = postSolution
		{A204C590-8C9C-417B-B204-2313A4687BC7}.Debug|Any CPU.ActiveCfg = Debug|Any CPU
		{A204C590-8C9C-417B-B204-2313A4687BC7}.Debug|Any CPU.Build.0 = Debug|Any CPU
		{A204C590-8C9C-417B-B204-2313A4687BC7}.Release|Any CPU.ActiveCfg = Release|Any CPU
		{A204C590-8C9C-417B-B204-2313A4687BC7}.Release|Any CPU.Build.0 = Release|Any CPU
		{235F95BE-2AC9-4843-B9B6-703AAB741B2D}.Debug|Any CPU.ActiveCfg = Debug|Any CPU
		{235F95BE-2AC9-4843-B9B6-703AAB741B2D}.Debug|Any CPU.Build.0 = Debug|Any CPU
		{235F95BE-2AC9-4843-B9B6-703AAB741B2D}.Release|Any CPU.ActiveCfg = Release|Any CPU
		{235F95BE-2AC9-4843-B9B6-703AAB741B2D}.Release|Any CPU.Build.0 = Release|Any CPU
	EndGlobalSection
EndGlobal
